// !$*UTF8*$!
{
	archiveVersion = 1;
	classes = {
	};
	objectVersion = 46;
	objects = {

/* Begin PBXBuildFile section */
		9363FDBE1DC788BC008BFC4F /* Deck.swift in Sources */ = {isa = PBXBuildFile; fileRef = 9363FDBD1DC788BC008BFC4F /* Deck.swift */; };
		9363FDC01DC78998008BFC4F /* PlayingCardDeck.swift in Sources */ = {isa = PBXBuildFile; fileRef = 9363FDBF1DC78998008BFC4F /* PlayingCardDeck.swift */; };
		9387BA0C1DC23B1E00E0AC38 /* AppDelegate.swift in Sources */ = {isa = PBXBuildFile; fileRef = 9387BA0B1DC23B1E00E0AC38 /* AppDelegate.swift */; };
		9387BA111DC23B1E00E0AC38 /* Main.storyboard in Resources */ = {isa = PBXBuildFile; fileRef = 9387BA0F1DC23B1E00E0AC38 /* Main.storyboard */; };
		9387BA131DC23B1E00E0AC38 /* Assets.xcassets in Resources */ = {isa = PBXBuildFile; fileRef = 9387BA121DC23B1E00E0AC38 /* Assets.xcassets */; };
		9387BA161DC23B1E00E0AC38 /* LaunchScreen.storyboard in Resources */ = {isa = PBXBuildFile; fileRef = 9387BA141DC23B1E00E0AC38 /* LaunchScreen.storyboard */; };
		9387BA1E1DC23B4100E0AC38 /* Card.swift in Sources */ = {isa = PBXBuildFile; fileRef = 9387BA1D1DC23B4100E0AC38 /* Card.swift */; };
		9387BA201DC23B5C00E0AC38 /* PlayingCard.swift in Sources */ = {isa = PBXBuildFile; fileRef = 9387BA1F1DC23B5C00E0AC38 /* PlayingCard.swift */; };
		9387BA231DC2514900E0AC38 /* CardGameController.swift in Sources */ = {isa = PBXBuildFile; fileRef = 9387BA221DC2514900E0AC38 /* CardGameController.swift */; };
		9388D0E21DE35C2400F05312 /* CardView.swift in Sources */ = {isa = PBXBuildFile; fileRef = 9388D0E11DE35C2400F05312 /* CardView.swift */; };
		93B840DC1DDA01D00087663C /* StupidGame.swift in Sources */ = {isa = PBXBuildFile; fileRef = 93B840DB1DDA01D00087663C /* StupidGame.swift */; };
/* End PBXBuildFile section */

/* Begin PBXFileReference section */
		9363FDBD1DC788BC008BFC4F /* Deck.swift */ = {isa = PBXFileReference; fileEncoding = 4; lastKnownFileType = sourcecode.swift; name = Deck.swift; path = Model/Deck.swift; sourceTree = "<group>"; };
		9363FDBF1DC78998008BFC4F /* PlayingCardDeck.swift */ = {isa = PBXFileReference; fileEncoding = 4; lastKnownFileType = sourcecode.swift; name = PlayingCardDeck.swift; path = Model/PlayingCardDeck.swift; sourceTree = "<group>"; };
		9387BA081DC23B1E00E0AC38 /* CardGame.app */ = {isa = PBXFileReference; explicitFileType = wrapper.application; includeInIndex = 0; path = CardGame.app; sourceTree = BUILT_PRODUCTS_DIR; };
		9387BA0B1DC23B1E00E0AC38 /* AppDelegate.swift */ = {isa = PBXFileReference; lastKnownFileType = sourcecode.swift; path = AppDelegate.swift; sourceTree = "<group>"; };
		9387BA101DC23B1E00E0AC38 /* Base */ = {isa = PBXFileReference; lastKnownFileType = file.storyboard; name = Base; path = Base.lproj/Main.storyboard; sourceTree = "<group>"; };
		9387BA121DC23B1E00E0AC38 /* Assets.xcassets */ = {isa = PBXFileReference; lastKnownFileType = folder.assetcatalog; path = Assets.xcassets; sourceTree = "<group>"; };
		9387BA151DC23B1E00E0AC38 /* Base */ = {isa = PBXFileReference; lastKnownFileType = file.storyboard; name = Base; path = Base.lproj/LaunchScreen.storyboard; sourceTree = "<group>"; };
		9387BA171DC23B1E00E0AC38 /* Info.plist */ = {isa = PBXFileReference; lastKnownFileType = text.plist.xml; path = Info.plist; sourceTree = "<group>"; };
		9387BA1D1DC23B4100E0AC38 /* Card.swift */ = {isa = PBXFileReference; fileEncoding = 4; lastKnownFileType = sourcecode.swift; name = Card.swift; path = Model/Card.swift; sourceTree = "<group>"; };
		9387BA1F1DC23B5C00E0AC38 /* PlayingCard.swift */ = {isa = PBXFileReference; fileEncoding = 4; lastKnownFileType = sourcecode.swift; name = PlayingCard.swift; path = Model/PlayingCard.swift; sourceTree = "<group>"; };
		9387BA221DC2514900E0AC38 /* CardGameController.swift */ = {isa = PBXFileReference; fileEncoding = 4; lastKnownFileType = sourcecode.swift; name = CardGameController.swift; path = Controller/CardGameController.swift; sourceTree = "<group>"; };
		9388D0E11DE35C2400F05312 /* CardView.swift */ = {isa = PBXFileReference; fileEncoding = 4; lastKnownFileType = sourcecode.swift; name = CardView.swift; path = View/CardView.swift; sourceTree = "<group>"; };
		93B840DB1DDA01D00087663C /* StupidGame.swift */ = {isa = PBXFileReference; fileEncoding = 4; lastKnownFileType = sourcecode.swift; path = StupidGame.swift; sourceTree = "<group>"; };
/* End PBXFileReference section */

/* Begin PBXFrameworksBuildPhase section */
		9387BA051DC23B1E00E0AC38 /* Frameworks */ = {
			isa = PBXFrameworksBuildPhase;
			buildActionMask = 2147483647;
			files = (
			);
			runOnlyForDeploymentPostprocessing = 0;
		};
/* End PBXFrameworksBuildPhase section */

/* Begin PBXGroup section */
		9387B9FF1DC23B1E00E0AC38 = {
			isa = PBXGroup;
			children = (
				9387BA0A1DC23B1E00E0AC38 /* CardGame */,
				9387BA091DC23B1E00E0AC38 /* Products */,
			);
			sourceTree = "<group>";
		};
		9387BA091DC23B1E00E0AC38 /* Products */ = {
			isa = PBXGroup;
			children = (
				9387BA081DC23B1E00E0AC38 /* CardGame.app */,
			);
			name = Products;
			sourceTree = "<group>";
		};
		9387BA0A1DC23B1E00E0AC38 /* CardGame */ = {
			isa = PBXGroup;
			children = (
				9387BA0B1DC23B1E00E0AC38 /* AppDelegate.swift */,
				9387BA251DC2520300E0AC38 /* View */,
				9387BA171DC23B1E00E0AC38 /* Info.plist */,
				9387BA211DC23B6800E0AC38 /* Model */,
				9387BA241DC2516700E0AC38 /* Controller */,
			);
			path = CardGame;
			sourceTree = "<group>";
		};
		9387BA211DC23B6800E0AC38 /* Model */ = {
			isa = PBXGroup;
			children = (
				9387BA1D1DC23B4100E0AC38 /* Card.swift */,
				9387BA1F1DC23B5C00E0AC38 /* PlayingCard.swift */,
				9363FDBD1DC788BC008BFC4F /* Deck.swift */,
				9363FDBF1DC78998008BFC4F /* PlayingCardDeck.swift */,
				93B840DB1DDA01D00087663C /* StupidGame.swift */,
			);
			name = Model;
			sourceTree = "<group>";
		};
		9387BA241DC2516700E0AC38 /* Controller */ = {
			isa = PBXGroup;
			children = (
				9387BA221DC2514900E0AC38 /* CardGameController.swift */,
			);
			name = Controller;
			sourceTree = "<group>";
		};
		9387BA251DC2520300E0AC38 /* View */ = {
			isa = PBXGroup;
			children = (
				9387BA0F1DC23B1E00E0AC38 /* Main.storyboard */,
				9387BA121DC23B1E00E0AC38 /* Assets.xcassets */,
				9387BA141DC23B1E00E0AC38 /* LaunchScreen.storyboard */,
				9388D0E11DE35C2400F05312 /* CardView.swift */,
			);
			name = View;
			sourceTree = "<group>";
		};
/* End PBXGroup section */

/* Begin PBXNativeTarget section */
		9387BA071DC23B1E00E0AC38 /* CardGame */ = {
			isa = PBXNativeTarget;
			buildConfigurationList = 9387BA1A1DC23B1E00E0AC38 /* Build configuration list for PBXNativeTarget "CardGame" */;
			buildPhases = (
				9387BA041DC23B1E00E0AC38 /* Sources */,
				9387BA051DC23B1E00E0AC38 /* Frameworks */,
				9387BA061DC23B1E00E0AC38 /* Resources */,
			);
			buildRules = (
			);
			dependencies = (
			);
			name = CardGame;
			productName = CardGame;
			productReference = 9387BA081DC23B1E00E0AC38 /* CardGame.app */;
			productType = "com.apple.product-type.application";
		};
/* End PBXNativeTarget section */

/* Begin PBXProject section */
		9387BA001DC23B1E00E0AC38 /* Project object */ = {
			isa = PBXProject;
			attributes = {
				LastSwiftUpdateCheck = 0720;
				LastUpgradeCheck = 0720;
				ORGANIZATIONNAME = CTEC;
				TargetAttributes = {
					9387BA071DC23B1E00E0AC38 = {
						CreatedOnToolsVersion = 7.2;
					};
				};
			};
			buildConfigurationList = 9387BA031DC23B1E00E0AC38 /* Build configuration list for PBXProject "CardGame" */;
			compatibilityVersion = "Xcode 3.2";
			developmentRegion = English;
			hasScannedForEncodings = 0;
			knownRegions = (
				en,
				Base,
			);
			mainGroup = 9387B9FF1DC23B1E00E0AC38;
			productRefGroup = 9387BA091DC23B1E00E0AC38 /* Products */;
			projectDirPath = "";
			projectRoot = "";
			targets = (
				9387BA071DC23B1E00E0AC38 /* CardGame */,
			);
		};
/* End PBXProject section */

/* Begin PBXResourcesBuildPhase section */
		9387BA061DC23B1E00E0AC38 /* Resources */ = {
			isa = PBXResourcesBuildPhase;
			buildActionMask = 2147483647;
			files = (
				9387BA161DC23B1E00E0AC38 /* LaunchScreen.storyboard in Resources */,
				9387BA131DC23B1E00E0AC38 /* Assets.xcassets in Resources */,
				9387BA111DC23B1E00E0AC38 /* Main.storyboard in Resources */,
			);
			runOnlyForDeploymentPostprocessing = 0;
		};
/* End PBXResourcesBuildPhase section */

/* Begin PBXSourcesBuildPhase section */
		9387BA041DC23B1E00E0AC38 /* Sources */ = {
			isa = PBXSourcesBuildPhase;
			buildActionMask = 2147483647;
			files = (
				9387BA231DC2514900E0AC38 /* CardGameController.swift in Sources */,
				9387BA1E1DC23B4100E0AC38 /* Card.swift in Sources */,
				9363FDBE1DC788BC008BFC4F /* Deck.swift in Sources */,
				9363FDC01DC78998008BFC4F /* PlayingCardDeck.swift in Sources */,
				93B840DC1DDA01D00087663C /* StupidGame.swift in Sources */,
				9387BA201DC23B5C00E0AC38 /* PlayingCard.swift in Sources */,
				9388D0E21DE35C2400F05312 /* CardView.swift in Sources */,
				9387BA0C1DC23B1E00E0AC38 /* AppDelegate.swift in Sources */,
			);
			runOnlyForDeploymentPostprocessing = 0;
		};
/* End PBXSourcesBuildPhase section */

/* Begin PBXVariantGroup section */
		9387BA0F1DC23B1E00E0AC38 /* Main.storyboard */ = {
			isa = PBXVariantGroup;
			children = (
				9387BA101DC23B1E00E0AC38 /* Base */,
			);
			name = Main.storyboard;
			sourceTree = "<group>";
		};
		9387BA141DC23B1E00E0AC38 /* LaunchScreen.storyboard */ = {
			isa = PBXVariantGroup;
			children = (
				9387BA151DC23B1E00E0AC38 /* Base */,
			);
			name = LaunchScreen.storyboard;
			sourceTree = "<group>";
		};
/* End PBXVariantGroup section */

/* Begin XCBuildConfiguration section */
		9387BA181DC23B1E00E0AC38 /* Debug */ = {
			isa = XCBuildConfiguration;
			buildSettings = {
				ALWAYS_SEARCH_USER_PATHS = NO;
				CLANG_CXX_LANGUAGE_STANDARD = "gnu++0x";
				CLANG_CXX_LIBRARY = "libc++";
				CLANG_ENABLE_MODULES = YES;
				CLANG_ENABLE_OBJC_ARC = YES;
				CLANG_WARN_BOOL_CONVERSION = YES;
				CLANG_WARN_CONSTANT_CONVERSION = YES;
				CLANG_WARN_DIRECT_OBJC_ISA_USAGE = YES_ERROR;
				CLANG_WARN_EMPTY_BODY = YES;
				CLANG_WARN_ENUM_CONVERSION = YES;
				CLANG_WARN_INT_CONVERSION = YES;
				CLANG_WARN_OBJC_ROOT_CLASS = YES_ERROR;
				CLANG_WARN_UNREACHABLE_CODE = YES;
				CLANG_WARN__DUPLICATE_METHOD_MATCH = YES;
				"CODE_SIGN_IDENTITY[sdk=iphoneos*]" = "iPhone Developer";
				COPY_PHASE_STRIP = NO;
				DEBUG_INFORMATION_FORMAT = dwarf;
				ENABLE_STRICT_OBJC_MSGSEND = YES;
				ENABLE_TESTABILITY = YES;
				GCC_C_LANGUAGE_STANDARD = gnu99;
				GCC_DYNAMIC_NO_PIC = NO;
				GCC_NO_COMMON_BLOCKS = YES;
				GCC_OPTIMIZATION_LEVEL = 0;
				GCC_PREPROCESSOR_DEFINITIONS = (
					"DEBUG=1",
					"$(inherited)",
				);
				GCC_WARN_64_TO_32_BIT_CONVERSION = YES;
				GCC_WARN_ABOUT_RETURN_TYPE = YES_ERROR;
				GCC_WARN_UNDECLARED_SELECTOR = YES;
				GCC_WARN_UNINITIALIZED_AUTOS = YES_AGGRESSIVE;
				GCC_WARN_UNUSED_FUNCTION = YES;
				GCC_WARN_UNUSED_VARIABLE = YES;
				IPHONEOS_DEPLOYMENT_TARGET = 9.2;
				MTL_ENABLE_DEBUG_INFO = YES;
				ONLY_ACTIVE_ARCH = YES;
				SDKROOT = iphoneos;
				SWIFT_OPTIMIZATION_LEVEL = "-Onone";
				TARGETED_DEVICE_FAMILY = "1,2";
			};
			name = Debug;
		};
		9387BA191DC23B1E00E0AC38 /* Release */ = {
			isa = XCBuildConfiguration;
			buildSettings = {
				ALWAYS_SEARCH_USER_PATHS = NO;
				CLANG_CXX_LANGUAGE_STANDARD = "gnu++0x";
				CLANG_CXX_LIBRARY = "libc++";
				CLANG_ENABLE_MODULES = YES;
				CLANG_ENABLE_OBJC_ARC = YES;
				CLANG_WARN_BOOL_CONVERSION = YES;
				CLANG_WARN_CONSTANT_CONVERSION = YES;
				CLANG_WARN_DIRECT_OBJC_ISA_USAGE = YES_ERROR;
				CLANG_WARN_EMPTY_BODY = YES;
				CLANG_WARN_ENUM_CONVERSION = YES;
				CLANG_WARN_INT_CONVERSION = YES;
				CLANG_WARN_OBJC_ROOT_CLASS = YES_ERROR;
				CLANG_WARN_UNREACHABLE_CODE = YES;
				CLANG_WARN__DUPLICATE_METHOD_MATCH = YES;
				"CODE_SIGN_IDENTITY[sdk=iphoneos*]" = "iPhone Developer";
				COPY_PHASE_STRIP = NO;
				DEBUG_INFORMATION_FORMAT = "dwarf-with-dsym";
				ENABLE_NS_ASSERTIONS = NO;
				ENABLE_STRICT_OBJC_MSGSEND = YES;
				GCC_C_LANGUAGE_STANDARD = gnu99;
				GCC_NO_COMMON_BLOCKS = YES;
				GCC_WARN_64_TO_32_BIT_CONVERSION = YES;
				GCC_WARN_ABOUT_RETURN_TYPE = YES_ERROR;
				GCC_WARN_UNDECLARED_SELECTOR = YES;
				GCC_WARN_UNINITIALIZED_AUTOS = YES_AGGRESSIVE;
				GCC_WARN_UNUSED_FUNCTION = YES;
				GCC_WARN_UNUSED_VARIABLE = YES;
				IPHONEOS_DEPLOYMENT_TARGET = 9.2;
				MTL_ENABLE_DEBUG_INFO = NO;
				SDKROOT = iphoneos;
				TARGETED_DEVICE_FAMILY = "1,2";
				VALIDATE_PRODUCT = YES;
			};
			name = Release;
		};
		9387BA1B1DC23B1E00E0AC38 /* Debug */ = {
			isa = XCBuildConfiguration;
			buildSettings = {
				ASSETCATALOG_COMPILER_APPICON_NAME = AppIcon;
				INFOPLIST_FILE = CardGame/Info.plist;
				LD_RUNPATH_SEARCH_PATHS = "$(inherited) @executable_path/Frameworks";
				PRODUCT_BUNDLE_IDENTIFIER = CTEC.CardGame;
				PRODUCT_NAME = "$(TARGET_NAME)";
			};
			name = Debug;
		};
		9387BA1C1DC23B1E00E0AC38 /* Release */ = {
			isa = XCBuildConfiguration;
			buildSettings = {
				ASSETCATALOG_COMPILER_APPICON_NAME = AppIcon;
				INFOPLIST_FILE = CardGame/Info.plist;
				LD_RUNPATH_SEARCH_PATHS = "$(inherited) @executable_path/Frameworks";
				PRODUCT_BUNDLE_IDENTIFIER = CTEC.CardGame;
				PRODUCT_NAME = "$(TARGET_NAME)";
			};
			name = Release;
		};
/* End XCBuildConfiguration section */

/* Begin XCConfigurationList section */
		9387BA031DC23B1E00E0AC38 /* Build configuration list for PBXProject "CardGame" */ = {
			isa = XCConfigurationList;
			buildConfigurations = (
				9387BA181DC23B1E00E0AC38 /* Debug */,
				9387BA191DC23B1E00E0AC38 /* Release */,
			);
			defaultConfigurationIsVisible = 0;
			defaultConfigurationName = Release;
		};
		9387BA1A1DC23B1E00E0AC38 /* Build configuration list for PBXNativeTarget "CardGame" */ = {
			isa = XCConfigurationList;
			buildConfigurations = (
				9387BA1B1DC23B1E00E0AC38 /* Debug */,
				9387BA1C1DC23B1E00E0AC38 /* Release */,
			);
			defaultConfigurationIsVisible = 0;
			defaultConfigurationName = Release;
		};
/* End XCConfigurationList section */
	};
	rootObject = 9387BA001DC23B1E00E0AC38 /* Project object */;
}
